// !$*UTF8*$!
{
	archiveVersion = 1;
	classes = {
	};
	objectVersion = 46;
	objects = {

/* Begin PBXGroup section */
		E8695BF316F4BEDE00C102E5 = {
			isa = PBXGroup;
			children = (
			);
			sourceTree = "<group>";
		};
/* End PBXGroup section */

/* Begin PBXProject section */
		E8695BF516F4BEDE00C102E5 /* Project object */ = {
			isa = PBXProject;
			attributes = {
				LastUpgradeCheck = 0450;
			};
			buildConfigurationList = E8695BF816F4BEDE00C102E5 /* Build configuration list for PBXProject "Scrapheap Starships" */;
			compatibilityVersion = "Xcode 3.2";
			developmentRegion = English;
			hasScannedForEncodings = 0;
			knownRegions = (
				en,
			);
			mainGroup = E8695BF316F4BEDE00C102E5;
			projectDirPath = "";
			projectRoot = "";
			targets = (
			);
		};
/* End PBXProject section */

/* Begin XCBuildConfiguration section */
		E8695BFA16F4BEDE00C102E5 /* Debug */ = {
			isa = XCBuildConfiguration;
			buildSettings = {
			};
			name = Debug;
		};
		E8695BFB16F4BEDE00C102E5 /* Release */ = {
			isa = XCBuildConfiguration;
			buildSettings = {
			};
			name = Release;
		};
/* End XCBuildConfiguration section */

/* Begin XCConfigurationList section */
		E8695BF816F4BEDE00C102E5 /* Build configuration list for PBXProject "Scrapheap Starships" */ = {
			isa = XCConfigurationList;
			buildConfigurations = (
				E8695BFA16F4BEDE00C102E5 /* Debug */,
				E8695BFB16F4BEDE00C102E5 /* Release */,
			);
			defaultConfigurationIsVisible = 0;
			defaultConfigurationName = Release;
		};
/* End XCConfigurationList section */
	};
	rootObject = E8695BF516F4BEDE00C102E5 /* Project object */;
}
